
Microsoft Visual Studio Solution File, Format Version 12.00
# Visual Studio Version 17
VisualStudioVersion = 17.3.32922.545
MinimumVisualStudioVersion = 10.0.40219.1
Project("{FAE04EC0-301F-11D3-BF4B-00C04F79EFBC}") = "CalcSalary", "CalcSalary\CalcSalary.csproj", "{9904D868-2302-47CB-9101-872EE40A9CE1}"
EndProject
Global
	GlobalSection(SolutionConfigurationPlatforms) = preSolution
		Debug|Any CPU = Debug|Any CPU
		Release|Any CPU = Release|Any CPU
	EndGlobalSection
	GlobalSection(ProjectConfigurationPlatforms) = postSolution
		{9904D868-2302-47CB-9101-872EE40A9CE1}.Debug|Any CPU.ActiveCfg = Debug|Any CPU
		{9904D868-2302-47CB-9101-872EE40A9CE1}.Debug|Any CPU.Build.0 = Debug|Any CPU
		{9904D868-2302-47CB-9101-872EE40A9CE1}.Release|Any CPU.ActiveCfg = Release|Any CPU
		{9904D868-2302-47CB-9101-872EE40A9CE1}.Release|Any CPU.Build.0 = Release|Any CPU
	EndGlobalSection
	GlobalSection(SolutionProperties) = preSolution
		HideSolutionNode = FALSE
	EndGlobalSection
	GlobalSection(ExtensibilityGlobals) = postSolution
		SolutionGuid = {93CF918E-7459-4E93-B552-95DADFD8CA08}
	EndGlobalSection
EndGlobal
